# This file is automatically @generated by Cargo.
# It is not intended for manual editing.
version = 3

[[package]]
name = "cbasm"
version = "0.1.2"
dependencies = [
 "cbvm",
]

[[package]]
name = "cbvm"
version = "0.5.8"
source = "registry+https://github.com/rust-lang/crates.io-index"
checksum = "d302b667bd10b74c324dcc55a07463484148dae12928bf987ec85fec8998ea9d"
