# This file is automatically @generated by Cargo.
# It is not intended for manual editing.
version = 3

[[package]]
name = "cbasm"
version = "0.1.8"
dependencies = [
 "cbvm",
]

[[package]]
name = "cbvm"
version = "0.6.5"
source = "registry+https://github.com/rust-lang/crates.io-index"
checksum = "00a96c19b113387acb2e7cf10d2f83d3f68e098dc236ae8a8214cfc5c41c9802"
